PODS:
  - Flutter (1.0.0)
  - image_picker (0.0.1):
    - Flutter
  - open_file (0.0.1):
    - Flutter
  - pdfscanner (1.0):
    - Flutter
    - WeScan
  - WeScan (1.1.0)

DEPENDENCIES:
  - Flutter (from `.symlinks/flutter/ios`)
  - image_picker (from `.symlinks/plugins/image_picker/ios`)
  - open_file (from `.symlinks/plugins/open_file/ios`)
  - pdfscanner (from `.symlinks/plugins/pdfscanner/ios`)
  - WeScan (from `https://github.com/WeTransfer/WeScan.git`, tag `1.2.0`)

EXTERNAL SOURCES:
  Flutter:
    :path: ".symlinks/flutter/ios"
  image_picker:
    :path: ".symlinks/plugins/image_picker/ios"
  open_file:
    :path: ".symlinks/plugins/open_file/ios"
  pdfscanner:
    :path: ".symlinks/plugins/pdfscanner/ios"
  WeScan:
    :git: https://github.com/WeTransfer/WeScan.git
    :tag: 1.2.0

CHECKOUT OPTIONS:
  WeScan:
    :git: https://github.com/WeTransfer/WeScan.git
    :tag: 1.2.0

SPEC CHECKSUMS:
  Flutter: 0e3d915762c693b495b44d77113d4970485de6ec
  image_picker: e3eacd46b94694dde7cf2705955cece853aa1a8f
  open_file: 02eb5cb6b21264bd3a696876f5afbfb7ca4f4b7d
  pdfscanner: 48f32844f0b1235db16b921ac224083d122d89f7
  WeScan: f1b82b36fd84eec6a98ad5e8fa0ac4f354b70a07

PODFILE CHECKSUM: 6f16c0e6bded2b893714c07ad76dd809f532163e

COCOAPODS: 1.8.4
